// !$*UTF8*$!
{
	archiveVersion = 1;
	classes = {
	};
	objectVersion = 46;
	objects = {

/* Begin PBXBuildFile section */
		86EB215D1EFB1E250083F496 /* AppDelegate.swift in Sources */ = {isa = PBXBuildFile; fileRef = 86EB215C1EFB1E250083F496 /* AppDelegate.swift */; };
		86EB21621EFB1E250083F496 /* Main.storyboard in Resources */ = {isa = PBXBuildFile; fileRef = 86EB21601EFB1E250083F496 /* Main.storyboard */; };
		86EB21641EFB1E250083F496 /* Assets.xcassets in Resources */ = {isa = PBXBuildFile; fileRef = 86EB21631EFB1E250083F496 /* Assets.xcassets */; };
		86EB21671EFB1E250083F496 /* LaunchScreen.storyboard in Resources */ = {isa = PBXBuildFile; fileRef = 86EB21651EFB1E250083F496 /* LaunchScreen.storyboard */; };
		86EB21721EFB1E250083F496 /* FlixTests.swift in Sources */ = {isa = PBXBuildFile; fileRef = 86EB21711EFB1E250083F496 /* FlixTests.swift */; };
		86EB217D1EFB1E250083F496 /* FlixUITests.swift in Sources */ = {isa = PBXBuildFile; fileRef = 86EB217C1EFB1E250083F496 /* FlixUITests.swift */; };
		86EB218B1EFB272B0083F496 /* NowPlayingViewController.swift in Sources */ = {isa = PBXBuildFile; fileRef = 86EB218A1EFB272B0083F496 /* NowPlayingViewController.swift */; };
		86EB21911EFB351B0083F496 /* MovieCell.swift in Sources */ = {isa = PBXBuildFile; fileRef = 86EB21901EFB351B0083F496 /* MovieCell.swift */; };
/* End PBXBuildFile section */

/* Begin PBXContainerItemProxy section */
		86EB216E1EFB1E250083F496 /* PBXContainerItemProxy */ = {
			isa = PBXContainerItemProxy;
			containerPortal = 86EB21511EFB1E250083F496 /* Project object */;
			proxyType = 1;
			remoteGlobalIDString = 86EB21581EFB1E250083F496;
			remoteInfo = Flix;
		};
		86EB21791EFB1E250083F496 /* PBXContainerItemProxy */ = {
			isa = PBXContainerItemProxy;
			containerPortal = 86EB21511EFB1E250083F496 /* Project object */;
			proxyType = 1;
			remoteGlobalIDString = 86EB21581EFB1E250083F496;
			remoteInfo = Flix;
		};
/* End PBXContainerItemProxy section */

/* Begin PBXFileReference section */
		86EB21591EFB1E250083F496 /* Flix.app */ = {isa = PBXFileReference; explicitFileType = wrapper.application; includeInIndex = 0; path = Flix.app; sourceTree = BUILT_PRODUCTS_DIR; };
		86EB215C1EFB1E250083F496 /* AppDelegate.swift */ = {isa = PBXFileReference; lastKnownFileType = sourcecode.swift; path = AppDelegate.swift; sourceTree = "<group>"; };
		86EB21611EFB1E250083F496 /* Base */ = {isa = PBXFileReference; lastKnownFileType = file.storyboard; name = Base; path = Base.lproj/Main.storyboard; sourceTree = "<group>"; };
		86EB21631EFB1E250083F496 /* Assets.xcassets */ = {isa = PBXFileReference; lastKnownFileType = folder.assetcatalog; path = Assets.xcassets; sourceTree = "<group>"; };
		86EB21661EFB1E250083F496 /* Base */ = {isa = PBXFileReference; lastKnownFileType = file.storyboard; name = Base; path = Base.lproj/LaunchScreen.storyboard; sourceTree = "<group>"; };
		86EB21681EFB1E250083F496 /* Info.plist */ = {isa = PBXFileReference; lastKnownFileType = text.plist.xml; path = Info.plist; sourceTree = "<group>"; };
		86EB216D1EFB1E250083F496 /* FlixTests.xctest */ = {isa = PBXFileReference; explicitFileType = wrapper.cfbundle; includeInIndex = 0; path = FlixTests.xctest; sourceTree = BUILT_PRODUCTS_DIR; };
		86EB21711EFB1E250083F496 /* FlixTests.swift */ = {isa = PBXFileReference; lastKnownFileType = sourcecode.swift; path = FlixTests.swift; sourceTree = "<group>"; };
		86EB21731EFB1E250083F496 /* Info.plist */ = {isa = PBXFileReference; lastKnownFileType = text.plist.xml; path = Info.plist; sourceTree = "<group>"; };
		86EB21781EFB1E250083F496 /* FlixUITests.xctest */ = {isa = PBXFileReference; explicitFileType = wrapper.cfbundle; includeInIndex = 0; path = FlixUITests.xctest; sourceTree = BUILT_PRODUCTS_DIR; };
		86EB217C1EFB1E250083F496 /* FlixUITests.swift */ = {isa = PBXFileReference; lastKnownFileType = sourcecode.swift; path = FlixUITests.swift; sourceTree = "<group>"; };
		86EB217E1EFB1E250083F496 /* Info.plist */ = {isa = PBXFileReference; lastKnownFileType = text.plist.xml; path = Info.plist; sourceTree = "<group>"; };
		86EB218A1EFB272B0083F496 /* NowPlayingViewController.swift */ = {isa = PBXFileReference; fileEncoding = 4; lastKnownFileType = sourcecode.swift; path = NowPlayingViewController.swift; sourceTree = "<group>"; };
		86EB21901EFB351B0083F496 /* MovieCell.swift */ = {isa = PBXFileReference; fileEncoding = 4; lastKnownFileType = sourcecode.swift; path = MovieCell.swift; sourceTree = "<group>"; };
/* End PBXFileReference section */

/* Begin PBXFrameworksBuildPhase section */
		86EB21561EFB1E250083F496 /* Frameworks */ = {
			isa = PBXFrameworksBuildPhase;
			buildActionMask = 2147483647;
			files = (
			);
			runOnlyForDeploymentPostprocessing = 0;
		};
		86EB216A1EFB1E250083F496 /* Frameworks */ = {
			isa = PBXFrameworksBuildPhase;
			buildActionMask = 2147483647;
			files = (
			);
			runOnlyForDeploymentPostprocessing = 0;
		};
		86EB21751EFB1E250083F496 /* Frameworks */ = {
			isa = PBXFrameworksBuildPhase;
			buildActionMask = 2147483647;
			files = (
			);
			runOnlyForDeploymentPostprocessing = 0;
		};
/* End PBXFrameworksBuildPhase section */

/* Begin PBXGroup section */
		86EB21501EFB1E250083F496 = {
			isa = PBXGroup;
			children = (
				86EB215B1EFB1E250083F496 /* Flix */,
				86EB21701EFB1E250083F496 /* FlixTests */,
				86EB217B1EFB1E250083F496 /* FlixUITests */,
				86EB215A1EFB1E250083F496 /* Products */,
			);
			sourceTree = "<group>";
		};
		86EB215A1EFB1E250083F496 /* Products */ = {
			isa = PBXGroup;
			children = (
				86EB21591EFB1E250083F496 /* Flix.app */,
				86EB216D1EFB1E250083F496 /* FlixTests.xctest */,
				86EB21781EFB1E250083F496 /* FlixUITests.xctest */,
			);
			name = Products;
			sourceTree = "<group>";
		};
		86EB215B1EFB1E250083F496 /* Flix */ = {
			isa = PBXGroup;
			children = (
				86EB218A1EFB272B0083F496 /* NowPlayingViewController.swift */,
				86EB215C1EFB1E250083F496 /* AppDelegate.swift */,
				86EB21601EFB1E250083F496 /* Main.storyboard */,
				86EB21631EFB1E250083F496 /* Assets.xcassets */,
				86EB21651EFB1E250083F496 /* LaunchScreen.storyboard */,
				86EB21681EFB1E250083F496 /* Info.plist */,
				86EB21901EFB351B0083F496 /* MovieCell.swift */,
			);
			path = Flix;
			sourceTree = "<group>";
		};
		86EB21701EFB1E250083F496 /* FlixTests */ = {
			isa = PBXGroup;
			children = (
				86EB21711EFB1E250083F496 /* FlixTests.swift */,
				86EB21731EFB1E250083F496 /* Info.plist */,
			);
			path = FlixTests;
			sourceTree = "<group>";
		};
		86EB217B1EFB1E250083F496 /* FlixUITests */ = {
			isa = PBXGroup;
			children = (
				86EB217C1EFB1E250083F496 /* FlixUITests.swift */,
				86EB217E1EFB1E250083F496 /* Info.plist */,
			);
			path = FlixUITests;
			sourceTree = "<group>";
		};
/* End PBXGroup section */

/* Begin PBXNativeTarget section */
		86EB21581EFB1E250083F496 /* Flix */ = {
			isa = PBXNativeTarget;
			buildConfigurationList = 86EB21811EFB1E250083F496 /* Build configuration list for PBXNativeTarget "Flix" */;
			buildPhases = (
				86EB21551EFB1E250083F496 /* Sources */,
				86EB21561EFB1E250083F496 /* Frameworks */,
				86EB21571EFB1E250083F496 /* Resources */,
			);
			buildRules = (
			);
			dependencies = (
			);
			name = Flix;
			productName = Flix;
			productReference = 86EB21591EFB1E250083F496 /* Flix.app */;
			productType = "com.apple.product-type.application";
		};
		86EB216C1EFB1E250083F496 /* FlixTests */ = {
			isa = PBXNativeTarget;
			buildConfigurationList = 86EB21841EFB1E250083F496 /* Build configuration list for PBXNativeTarget "FlixTests" */;
			buildPhases = (
				86EB21691EFB1E250083F496 /* Sources */,
				86EB216A1EFB1E250083F496 /* Frameworks */,
				86EB216B1EFB1E250083F496 /* Resources */,
			);
			buildRules = (
			);
			dependencies = (
				86EB216F1EFB1E250083F496 /* PBXTargetDependency */,
			);
			name = FlixTests;
			productName = FlixTests;
			productReference = 86EB216D1EFB1E250083F496 /* FlixTests.xctest */;
			productType = "com.apple.product-type.bundle.unit-test";
		};
		86EB21771EFB1E250083F496 /* FlixUITests */ = {
			isa = PBXNativeTarget;
			buildConfigurationList = 86EB21871EFB1E250083F496 /* Build configuration list for PBXNativeTarget "FlixUITests" */;
			buildPhases = (
				86EB21741EFB1E250083F496 /* Sources */,
				86EB21751EFB1E250083F496 /* Frameworks */,
				86EB21761EFB1E250083F496 /* Resources */,
			);
			buildRules = (
			);
			dependencies = (
				86EB217A1EFB1E250083F496 /* PBXTargetDependency */,
			);
			name = FlixUITests;
			productName = FlixUITests;
			productReference = 86EB21781EFB1E250083F496 /* FlixUITests.xctest */;
			productType = "com.apple.product-type.bundle.ui-testing";
		};
/* End PBXNativeTarget section */

/* Begin PBXProject section */
		86EB21511EFB1E250083F496 /* Project object */ = {
			isa = PBXProject;
			attributes = {
				LastSwiftUpdateCheck = 0830;
				LastUpgradeCheck = 0830;
				ORGANIZATIONNAME = "Melody Ann Seda Marotte";
				TargetAttributes = {
					86EB21581EFB1E250083F496 = {
						CreatedOnToolsVersion = 8.3.2;
						ProvisioningStyle = Automatic;
					};
					86EB216C1EFB1E250083F496 = {
						CreatedOnToolsVersion = 8.3.2;
						ProvisioningStyle = Automatic;
						TestTargetID = 86EB21581EFB1E250083F496;
					};
					86EB21771EFB1E250083F496 = {
						CreatedOnToolsVersion = 8.3.2;
						ProvisioningStyle = Automatic;
						TestTargetID = 86EB21581EFB1E250083F496;
					};
				};
			};
			buildConfigurationList = 86EB21541EFB1E250083F496 /* Build configuration list for PBXProject "Flix" */;
			compatibilityVersion = "Xcode 3.2";
			developmentRegion = English;
			hasScannedForEncodings = 0;
			knownRegions = (
				en,
				Base,
			);
			mainGroup = 86EB21501EFB1E250083F496;
			productRefGroup = 86EB215A1EFB1E250083F496 /* Products */;
			projectDirPath = "";
			projectRoot = "";
			targets = (
				86EB21581EFB1E250083F496 /* Flix */,
				86EB216C1EFB1E250083F496 /* FlixTests */,
				86EB21771EFB1E250083F496 /* FlixUITests */,
			);
		};
/* End PBXProject section */

/* Begin PBXResourcesBuildPhase section */
		86EB21571EFB1E250083F496 /* Resources */ = {
			isa = PBXResourcesBuildPhase;
			buildActionMask = 2147483647;
			files = (
				86EB21671EFB1E250083F496 /* LaunchScreen.storyboard in Resources */,
				86EB21641EFB1E250083F496 /* Assets.xcassets in Resources */,
				86EB21621EFB1E250083F496 /* Main.storyboard in Resources */,
			);
			runOnlyForDeploymentPostprocessing = 0;
		};
		86EB216B1EFB1E250083F496 /* Resources */ = {
			isa = PBXResourcesBuildPhase;
			buildActionMask = 2147483647;
			files = (
			);
			runOnlyForDeploymentPostprocessing = 0;
		};
		86EB21761EFB1E250083F496 /* Resources */ = {
			isa = PBXResourcesBuildPhase;
			buildActionMask = 2147483647;
			files = (
			);
			runOnlyForDeploymentPostprocessing = 0;
		};
/* End PBXResourcesBuildPhase section */

/* Begin PBXSourcesBuildPhase section */
		86EB21551EFB1E250083F496 /* Sources */ = {
			isa = PBXSourcesBuildPhase;
			buildActionMask = 2147483647;
			files = (
				86EB218B1EFB272B0083F496 /* NowPlayingViewController.swift in Sources */,
				86EB215D1EFB1E250083F496 /* AppDelegate.swift in Sources */,
				86EB21911EFB351B0083F496 /* MovieCell.swift in Sources */,
			);
			runOnlyForDeploymentPostprocessing = 0;
		};
		86EB21691EFB1E250083F496 /* Sources */ = {
			isa = PBXSourcesBuildPhase;
			buildActionMask = 2147483647;
			files = (
				86EB21721EFB1E250083F496 /* FlixTests.swift in Sources */,
			);
			runOnlyForDeploymentPostprocessing = 0;
		};
		86EB21741EFB1E250083F496 /* Sources */ = {
			isa = PBXSourcesBuildPhase;
			buildActionMask = 2147483647;
			files = (
				86EB217D1EFB1E250083F496 /* FlixUITests.swift in Sources */,
			);
			runOnlyForDeploymentPostprocessing = 0;
		};
/* End PBXSourcesBuildPhase section */

/* Begin PBXTargetDependency section */
		86EB216F1EFB1E250083F496 /* PBXTargetDependency */ = {
			isa = PBXTargetDependency;
			target = 86EB21581EFB1E250083F496 /* Flix */;
			targetProxy = 86EB216E1EFB1E250083F496 /* PBXContainerItemProxy */;
		};
		86EB217A1EFB1E250083F496 /* PBXTargetDependency */ = {
			isa = PBXTargetDependency;
			target = 86EB21581EFB1E250083F496 /* Flix */;
			targetProxy = 86EB21791EFB1E250083F496 /* PBXContainerItemProxy */;
		};
/* End PBXTargetDependency section */

/* Begin PBXVariantGroup section */
		86EB21601EFB1E250083F496 /* Main.storyboard */ = {
			isa = PBXVariantGroup;
			children = (
				86EB21611EFB1E250083F496 /* Base */,
			);
			name = Main.storyboard;
			sourceTree = "<group>";
		};
		86EB21651EFB1E250083F496 /* LaunchScreen.storyboard */ = {
			isa = PBXVariantGroup;
			children = (
				86EB21661EFB1E250083F496 /* Base */,
			);
			name = LaunchScreen.storyboard;
			sourceTree = "<group>";
		};
/* End PBXVariantGroup section */

/* Begin XCBuildConfiguration section */
		86EB217F1EFB1E250083F496 /* Debug */ = {
			isa = XCBuildConfiguration;
			buildSettings = {
				ALWAYS_SEARCH_USER_PATHS = NO;
				CLANG_ANALYZER_NONNULL = YES;
				CLANG_ANALYZER_NUMBER_OBJECT_CONVERSION = YES_AGGRESSIVE;
				CLANG_CXX_LANGUAGE_STANDARD = "gnu++0x";
				CLANG_CXX_LIBRARY = "libc++";
				CLANG_ENABLE_MODULES = YES;
				CLANG_ENABLE_OBJC_ARC = YES;
				CLANG_WARN_BOOL_CONVERSION = YES;
				CLANG_WARN_CONSTANT_CONVERSION = YES;
				CLANG_WARN_DIRECT_OBJC_ISA_USAGE = YES_ERROR;
				CLANG_WARN_DOCUMENTATION_COMMENTS = YES;
				CLANG_WARN_EMPTY_BODY = YES;
				CLANG_WARN_ENUM_CONVERSION = YES;
				CLANG_WARN_INFINITE_RECURSION = YES;
				CLANG_WARN_INT_CONVERSION = YES;
				CLANG_WARN_OBJC_ROOT_CLASS = YES_ERROR;
				CLANG_WARN_SUSPICIOUS_MOVE = YES;
				CLANG_WARN_UNREACHABLE_CODE = YES;
				CLANG_WARN__DUPLICATE_METHOD_MATCH = YES;
				"CODE_SIGN_IDENTITY[sdk=iphoneos*]" = "iPhone Developer";
				COPY_PHASE_STRIP = NO;
				DEBUG_INFORMATION_FORMAT = dwarf;
				ENABLE_STRICT_OBJC_MSGSEND = YES;
				ENABLE_TESTABILITY = YES;
				GCC_C_LANGUAGE_STANDARD = gnu99;
				GCC_DYNAMIC_NO_PIC = NO;
				GCC_NO_COMMON_BLOCKS = YES;
				GCC_OPTIMIZATION_LEVEL = 0;
				GCC_PREPROCESSOR_DEFINITIONS = (
					"DEBUG=1",
					"$(inherited)",
				);
				GCC_WARN_64_TO_32_BIT_CONVERSION = YES;
				GCC_WARN_ABOUT_RETURN_TYPE = YES_ERROR;
				GCC_WARN_UNDECLARED_SELECTOR = YES;
				GCC_WARN_UNINITIALIZED_AUTOS = YES_AGGRESSIVE;
				GCC_WARN_UNUSED_FUNCTION = YES;
				GCC_WARN_UNUSED_VARIABLE = YES;
				IPHONEOS_DEPLOYMENT_TARGET = 10.3;
				MTL_ENABLE_DEBUG_INFO = YES;
				ONLY_ACTIVE_ARCH = YES;
				SDKROOT = iphoneos;
				SWIFT_ACTIVE_COMPILATION_CONDITIONS = DEBUG;
				SWIFT_OPTIMIZATION_LEVEL = "-Onone";
			};
			name = Debug;
		};
		86EB21801EFB1E250083F496 /* Release */ = {
			isa = XCBuildConfiguration;
			buildSettings = {
				ALWAYS_SEARCH_USER_PATHS = NO;
				CLANG_ANALYZER_NONNULL = YES;
				CLANG_ANALYZER_NUMBER_OBJECT_CONVERSION = YES_AGGRESSIVE;
				CLANG_CXX_LANGUAGE_STANDARD = "gnu++0x";
				CLANG_CXX_LIBRARY = "libc++";
				CLANG_ENABLE_MODULES = YES;
				CLANG_ENABLE_OBJC_ARC = YES;
				CLANG_WARN_BOOL_CONVERSION = YES;
				CLANG_WARN_CONSTANT_CONVERSION = YES;
				CLANG_WARN_DIRECT_OBJC_ISA_USAGE = YES_ERROR;
				CLANG_WARN_DOCUMENTATION_COMMENTS = YES;
				CLANG_WARN_EMPTY_BODY = YES;
				CLANG_WARN_ENUM_CONVERSION = YES;
				CLANG_WARN_INFINITE_RECURSION = YES;
				CLANG_WARN_INT_CONVERSION = YES;
				CLANG_WARN_OBJC_ROOT_CLASS = YES_ERROR;
				CLANG_WARN_SUSPICIOUS_MOVE = YES;
				CLANG_WARN_UNREACHABLE_CODE = YES;
				CLANG_WARN__DUPLICATE_METHOD_MATCH = YES;
				"CODE_SIGN_IDENTITY[sdk=iphoneos*]" = "iPhone Developer";
				COPY_PHASE_STRIP = NO;
				DEBUG_INFORMATION_FORMAT = "dwarf-with-dsym";
				ENABLE_NS_ASSERTIONS = NO;
				ENABLE_STRICT_OBJC_MSGSEND = YES;
				GCC_C_LANGUAGE_STANDARD = gnu99;
				GCC_NO_COMMON_BLOCKS = YES;
				GCC_WARN_64_TO_32_BIT_CONVERSION = YES;
				GCC_WARN_ABOUT_RETURN_TYPE = YES_ERROR;
				GCC_WARN_UNDECLARED_SELECTOR = YES;
				GCC_WARN_UNINITIALIZED_AUTOS = YES_AGGRESSIVE;
				GCC_WARN_UNUSED_FUNCTION = YES;
				GCC_WARN_UNUSED_VARIABLE = YES;
				IPHONEOS_DEPLOYMENT_TARGET = 10.3;
				MTL_ENABLE_DEBUG_INFO = NO;
				SDKROOT = iphoneos;
				SWIFT_OPTIMIZATION_LEVEL = "-Owholemodule";
				VALIDATE_PRODUCT = YES;
			};
			name = Release;
		};
		86EB21821EFB1E250083F496 /* Debug */ = {
			isa = XCBuildConfiguration;
			buildSettings = {
				ASSETCATALOG_COMPILER_APPICON_NAME = AppIcon;
				INFOPLIST_FILE = Flix/Info.plist;
				LD_RUNPATH_SEARCH_PATHS = "$(inherited) @executable_path/Frameworks";
				PRODUCT_BUNDLE_IDENTIFIER = com.m3lsHyrule.Flix;
				PRODUCT_NAME = "$(TARGET_NAME)";
				SWIFT_VERSION = 3.0;
			};
			name = Debug;
		};
		86EB21831EFB1E250083F496 /* Release */ = {
			isa = XCBuildConfiguration;
			buildSettings = {
				ASSETCATALOG_COMPILER_APPICON_NAME = AppIcon;
				INFOPLIST_FILE = Flix/Info.plist;
				LD_RUNPATH_SEARCH_PATHS = "$(inherited) @executable_path/Frameworks";
				PRODUCT_BUNDLE_IDENTIFIER = com.m3lsHyrule.Flix;
				PRODUCT_NAME = "$(TARGET_NAME)";
				SWIFT_VERSION = 3.0;
			};
			name = Release;
		};
		86EB21851EFB1E250083F496 /* Debug */ = {
			isa = XCBuildConfiguration;
			buildSettings = {
				ALWAYS_EMBED_SWIFT_STANDARD_LIBRARIES = YES;
				BUNDLE_LOADER = "$(TEST_HOST)";
				INFOPLIST_FILE = FlixTests/Info.plist;
				LD_RUNPATH_SEARCH_PATHS = "$(inherited) @executable_path/Frameworks @loader_path/Frameworks";
				PRODUCT_BUNDLE_IDENTIFIER = com.m3lsHyrule.FlixTests;
				PRODUCT_NAME = "$(TARGET_NAME)";
				SWIFT_VERSION = 3.0;
				TEST_HOST = "$(BUILT_PRODUCTS_DIR)/Flix.app/Flix";
			};
			name = Debug;
		};
		86EB21861EFB1E250083F496 /* Release */ = {
			isa = XCBuildConfiguration;
			buildSettings = {
				ALWAYS_EMBED_SWIFT_STANDARD_LIBRARIES = YES;
				BUNDLE_LOADER = "$(TEST_HOST)";
				INFOPLIST_FILE = FlixTests/Info.plist;
				LD_RUNPATH_SEARCH_PATHS = "$(inherited) @executable_path/Frameworks @loader_path/Frameworks";
				PRODUCT_BUNDLE_IDENTIFIER = com.m3lsHyrule.FlixTests;
				PRODUCT_NAME = "$(TARGET_NAME)";
				SWIFT_VERSION = 3.0;
				TEST_HOST = "$(BUILT_PRODUCTS_DIR)/Flix.app/Flix";
			};
			name = Release;
		};
		86EB21881EFB1E250083F496 /* Debug */ = {
			isa = XCBuildConfiguration;
			buildSettings = {
				ALWAYS_EMBED_SWIFT_STANDARD_LIBRARIES = YES;
				INFOPLIST_FILE = FlixUITests/Info.plist;
				LD_RUNPATH_SEARCH_PATHS = "$(inherited) @executable_path/Frameworks @loader_path/Frameworks";
				PRODUCT_BUNDLE_IDENTIFIER = com.m3lsHyrule.FlixUITests;
				PRODUCT_NAME = "$(TARGET_NAME)";
				SWIFT_VERSION = 3.0;
				TEST_TARGET_NAME = Flix;
			};
			name = Debug;
		};
		86EB21891EFB1E250083F496 /* Release */ = {
			isa = XCBuildConfiguration;
			buildSettings = {
				ALWAYS_EMBED_SWIFT_STANDARD_LIBRARIES = YES;
				INFOPLIST_FILE = FlixUITests/Info.plist;
				LD_RUNPATH_SEARCH_PATHS = "$(inherited) @executable_path/Frameworks @loader_path/Frameworks";
				PRODUCT_BUNDLE_IDENTIFIER = com.m3lsHyrule.FlixUITests;
				PRODUCT_NAME = "$(TARGET_NAME)";
				SWIFT_VERSION = 3.0;
				TEST_TARGET_NAME = Flix;
			};
			name = Release;
		};
/* End XCBuildConfiguration section */

/* Begin XCConfigurationList section */
		86EB21541EFB1E250083F496 /* Build configuration list for PBXProject "Flix" */ = {
			isa = XCConfigurationList;
			buildConfigurations = (
				86EB217F1EFB1E250083F496 /* Debug */,
				86EB21801EFB1E250083F496 /* Release */,
			);
			defaultConfigurationIsVisible = 0;
			defaultConfigurationName = Release;
		};
		86EB21811EFB1E250083F496 /* Build configuration list for PBXNativeTarget "Flix" */ = {
			isa = XCConfigurationList;
			buildConfigurations = (
				86EB21821EFB1E250083F496 /* Debug */,
				86EB21831EFB1E250083F496 /* Release */,
			);
			defaultConfigurationIsVisible = 0;
		};
		86EB21841EFB1E250083F496 /* Build configuration list for PBXNativeTarget "FlixTests" */ = {
			isa = XCConfigurationList;
			buildConfigurations = (
				86EB21851EFB1E250083F496 /* Debug */,
				86EB21861EFB1E250083F496 /* Release */,
			);
			defaultConfigurationIsVisible = 0;
		};
		86EB21871EFB1E250083F496 /* Build configuration list for PBXNativeTarget "FlixUITests" */ = {
			isa = XCConfigurationList;
			buildConfigurations = (
				86EB21881EFB1E250083F496 /* Debug */,
				86EB21891EFB1E250083F496 /* Release */,
			);
			defaultConfigurationIsVisible = 0;
		};
/* End XCConfigurationList section */
	};
	rootObject = 86EB21511EFB1E250083F496 /* Project object */;
}
